
Microsoft Visual Studio Solution File, Format Version 12.00
# Visual Studio 15
VisualStudioVersion = 15.0.27130.2024
MinimumVisualStudioVersion = 10.0.40219.1
Project("{FAE04EC0-301F-11D3-BF4B-00C04F79EFBC}") = "ImpRedir", "ImpRedir\ImpRedir.csproj", "{15EF36B7-C7D9-401A-8A17-8C9248A794A1}"
EndProject
Project("{FAE04EC0-301F-11D3-BF4B-00C04F79EFBC}") = "Disasm", "Disasm\Disasm.csproj", "{491B69C9-0702-4279-B82B-E7E47941E799}"
EndProject
Global
	GlobalSection(SolutionConfigurationPlatforms) = preSolution
		Debug|Any CPU = Debug|Any CPU
		Release|Any CPU = Release|Any CPU
	EndGlobalSection
	GlobalSection(ProjectConfigurationPlatforms) = postSolution
		{15EF36B7-C7D9-401A-8A17-8C9248A794A1}.Debug|Any CPU.ActiveCfg = Debug|Any CPU
		{15EF36B7-C7D9-401A-8A17-8C9248A794A1}.Debug|Any CPU.Build.0 = Debug|Any CPU
		{15EF36B7-C7D9-401A-8A17-8C9248A794A1}.Release|Any CPU.ActiveCfg = Release|Any CPU
		{15EF36B7-C7D9-401A-8A17-8C9248A794A1}.Release|Any CPU.Build.0 = Release|Any CPU
		{491B69C9-0702-4279-B82B-E7E47941E799}.Debug|Any CPU.ActiveCfg = Debug|Any CPU
		{491B69C9-0702-4279-B82B-E7E47941E799}.Debug|Any CPU.Build.0 = Debug|Any CPU
		{491B69C9-0702-4279-B82B-E7E47941E799}.Release|Any CPU.ActiveCfg = Release|Any CPU
		{491B69C9-0702-4279-B82B-E7E47941E799}.Release|Any CPU.Build.0 = Release|Any CPU
	EndGlobalSection
	GlobalSection(SolutionProperties) = preSolution
		HideSolutionNode = FALSE
	EndGlobalSection
	GlobalSection(ExtensibilityGlobals) = postSolution
		SolutionGuid = {88A1361B-B9FC-4D35-8402-EC48773C622F}
	EndGlobalSection
EndGlobal
